
Microsoft Visual Studio Solution File, Format Version 12.00
# Visual Studio Version 16
VisualStudioVersion = 16.0.30320.27
MinimumVisualStudioVersion = 10.0.40219.1
Project("{FAE04EC0-301F-11D3-BF4B-00C04F79EFBC}") = "corona", "corona\corona.csproj", "{8F06BAF2-A224-46F7-BC28-A5547FD5646D}"
EndProject
Global
	GlobalSection(SolutionConfigurationPlatforms) = preSolution
		Debug|Any CPU = Debug|Any CPU
		Release|Any CPU = Release|Any CPU
	EndGlobalSection
	GlobalSection(ProjectConfigurationPlatforms) = postSolution
		{8F06BAF2-A224-46F7-BC28-A5547FD5646D}.Debug|Any CPU.ActiveCfg = Debug|Any CPU
		{8F06BAF2-A224-46F7-BC28-A5547FD5646D}.Debug|Any CPU.Build.0 = Debug|Any CPU
		{8F06BAF2-A224-46F7-BC28-A5547FD5646D}.Release|Any CPU.ActiveCfg = Release|Any CPU
		{8F06BAF2-A224-46F7-BC28-A5547FD5646D}.Release|Any CPU.Build.0 = Release|Any CPU
	EndGlobalSection
	GlobalSection(SolutionProperties) = preSolution
		HideSolutionNode = FALSE
	EndGlobalSection
	GlobalSection(ExtensibilityGlobals) = postSolution
		SolutionGuid = {EB32BEB9-9B97-4221-9C8E-CC1111EFB689}
	EndGlobalSection
EndGlobal
